
Microsoft Visual Studio Solution File, Format Version 12.00
# Visual Studio Version 17
VisualStudioVersion = 17.9.34728.123
MinimumVisualStudioVersion = 10.0.40219.1
Project("{FAE04EC0-301F-11D3-BF4B-00C04F79EFBC}") = "G4Fit", "Cocoon\G4Fit.csproj", "{69E08757-F7FD-4BE7-AEA8-7977B63716C1}"
EndProject
Global
	GlobalSection(SolutionConfigurationPlatforms) = preSolution
		Debug|Any CPU = Debug|Any CPU
		Release|Any CPU = Release|Any CPU
	EndGlobalSection
	GlobalSection(ProjectConfigurationPlatforms) = postSolution
		{69E08757-F7FD-4BE7-AEA8-7977B63716C1}.Debug|Any CPU.ActiveCfg = Debug|Any CPU
		{69E08757-F7FD-4BE7-AEA8-7977B63716C1}.Debug|Any CPU.Build.0 = Debug|Any CPU
		{69E08757-F7FD-4BE7-AEA8-7977B63716C1}.Release|Any CPU.ActiveCfg = Release|Any CPU
		{69E08757-F7FD-4BE7-AEA8-7977B63716C1}.Release|Any CPU.Build.0 = Release|Any CPU
	EndGlobalSection
	GlobalSection(SolutionProperties) = preSolution
		HideSolutionNode = FALSE
	EndGlobalSection
	GlobalSection(ExtensibilityGlobals) = postSolution
		SolutionGuid = {15AE26FB-21A9-4E89-B4BF-B4EC54AFBE5B}
	EndGlobalSection
EndGlobal
